
Microsoft Visual Studio Solution File, Format Version 12.00
# Visual Studio Version 17
VisualStudioVersion = 17.3.32929.385
MinimumVisualStudioVersion = 10.0.40219.1
Project("{FAE04EC0-301F-11D3-BF4B-00C04F79EFBC}") = "API", "API\API.csproj", "{F7F05F11-87CC-479D-A3C0-7336E8E0CDEA}"
EndProject
Global
	GlobalSection(SolutionConfigurationPlatforms) = preSolution
		Debug|Any CPU = Debug|Any CPU
		Release|Any CPU = Release|Any CPU
	EndGlobalSection
	GlobalSection(ProjectConfigurationPlatforms) = postSolution
		{F7F05F11-87CC-479D-A3C0-7336E8E0CDEA}.Debug|Any CPU.ActiveCfg = Debug|Any CPU
		{F7F05F11-87CC-479D-A3C0-7336E8E0CDEA}.Debug|Any CPU.Build.0 = Debug|Any CPU
		{F7F05F11-87CC-479D-A3C0-7336E8E0CDEA}.Release|Any CPU.ActiveCfg = Release|Any CPU
		{F7F05F11-87CC-479D-A3C0-7336E8E0CDEA}.Release|Any CPU.Build.0 = Release|Any CPU
	EndGlobalSection
	GlobalSection(SolutionProperties) = preSolution
		HideSolutionNode = FALSE
	EndGlobalSection
	GlobalSection(ExtensibilityGlobals) = postSolution
		SolutionGuid = {D1C3BDD0-A176-46DB-94FA-D6DC7A109B50}
	EndGlobalSection
EndGlobal
